
Microsoft Visual Studio Solution File, Format Version 12.00
# Visual Studio Version 17
VisualStudioVersion = 17.14.36414.22 d17.14
MinimumVisualStudioVersion = 10.0.40219.1
Project("{FAE04EC0-301F-11D3-BF4B-00C04F79EFBC}") = "Projeto_MVC_Cursos", "Projeto_MVC_Cursos\Projeto_MVC_Cursos.csproj", "{DA379C1B-C5C6-43FC-93AA-1AAC3306279B}"
EndProject
Global
	GlobalSection(SolutionConfigurationPlatforms) = preSolution
		Debug|Any CPU = Debug|Any CPU
		Release|Any CPU = Release|Any CPU
	EndGlobalSection
	GlobalSection(ProjectConfigurationPlatforms) = postSolution
		{DA379C1B-C5C6-43FC-93AA-1AAC3306279B}.Debug|Any CPU.ActiveCfg = Debug|Any CPU
		{DA379C1B-C5C6-43FC-93AA-1AAC3306279B}.Debug|Any CPU.Build.0 = Debug|Any CPU
		{DA379C1B-C5C6-43FC-93AA-1AAC3306279B}.Release|Any CPU.ActiveCfg = Release|Any CPU
		{DA379C1B-C5C6-43FC-93AA-1AAC3306279B}.Release|Any CPU.Build.0 = Release|Any CPU
	EndGlobalSection
	GlobalSection(SolutionProperties) = preSolution
		HideSolutionNode = FALSE
	EndGlobalSection
	GlobalSection(ExtensibilityGlobals) = postSolution
		SolutionGuid = {13549D8D-2270-41EC-A61A-5C8A5B6E3ADA}
	EndGlobalSection
EndGlobal
