
Microsoft Visual Studio Solution File, Format Version 12.00
# Visual Studio Version 17
VisualStudioVersion = 17.14.36414.22 d17.14
MinimumVisualStudioVersion = 10.0.40219.1
Project("{FAE04EC0-301F-11D3-BF4B-00C04F79EFBC}") = "Projeto_Listas_Agenda", "Projeto_Listas_Agenda\Projeto_Listas_Agenda.csproj", "{4A591DB1-9153-4AF7-BA91-6DD4BCDA8AC9}"
EndProject
Global
	GlobalSection(SolutionConfigurationPlatforms) = preSolution
		Debug|Any CPU = Debug|Any CPU
		Release|Any CPU = Release|Any CPU
	EndGlobalSection
	GlobalSection(ProjectConfigurationPlatforms) = postSolution
		{4A591DB1-9153-4AF7-BA91-6DD4BCDA8AC9}.Debug|Any CPU.ActiveCfg = Debug|Any CPU
		{4A591DB1-9153-4AF7-BA91-6DD4BCDA8AC9}.Debug|Any CPU.Build.0 = Debug|Any CPU
		{4A591DB1-9153-4AF7-BA91-6DD4BCDA8AC9}.Release|Any CPU.ActiveCfg = Release|Any CPU
		{4A591DB1-9153-4AF7-BA91-6DD4BCDA8AC9}.Release|Any CPU.Build.0 = Release|Any CPU
	EndGlobalSection
	GlobalSection(SolutionProperties) = preSolution
		HideSolutionNode = FALSE
	EndGlobalSection
	GlobalSection(ExtensibilityGlobals) = postSolution
		SolutionGuid = {3837CCD3-0B4A-4095-8778-CB62281DCFC4}
	EndGlobalSection
EndGlobal
