
Microsoft Visual Studio Solution File, Format Version 12.00
# Visual Studio Version 17
VisualStudioVersion = 17.14.36414.22 d17.14
MinimumVisualStudioVersion = 10.0.40219.1
Project("{FAE04EC0-301F-11D3-BF4B-00C04F79EFBC}") = "Bilheteria", "Bilheteria\Bilheteria.csproj", "{AE63C000-693C-48D5-A3CD-70D875BC3A3A}"
EndProject
Global
	GlobalSection(SolutionConfigurationPlatforms) = preSolution
		Debug|Any CPU = Debug|Any CPU
		Release|Any CPU = Release|Any CPU
	EndGlobalSection
	GlobalSection(ProjectConfigurationPlatforms) = postSolution
		{AE63C000-693C-48D5-A3CD-70D875BC3A3A}.Debug|Any CPU.ActiveCfg = Debug|Any CPU
		{AE63C000-693C-48D5-A3CD-70D875BC3A3A}.Debug|Any CPU.Build.0 = Debug|Any CPU
		{AE63C000-693C-48D5-A3CD-70D875BC3A3A}.Release|Any CPU.ActiveCfg = Release|Any CPU
		{AE63C000-693C-48D5-A3CD-70D875BC3A3A}.Release|Any CPU.Build.0 = Release|Any CPU
	EndGlobalSection
	GlobalSection(SolutionProperties) = preSolution
		HideSolutionNode = FALSE
	EndGlobalSection
	GlobalSection(ExtensibilityGlobals) = postSolution
		SolutionGuid = {D6CE5C76-FA54-4A49-B2F9-632F7DB52290}
	EndGlobalSection
EndGlobal
