
Microsoft Visual Studio Solution File, Format Version 12.00
# Visual Studio Version 17
VisualStudioVersion = 17.14.36414.22 d17.14
MinimumVisualStudioVersion = 10.0.40219.1
Project("{FAE04EC0-301F-11D3-BF4B-00C04F79EFBC}") = "Projeto_Listas_Agenda_Windows_Forms", "Projeto_Listas_Agenda_Windows_Forms\Projeto_Listas_Agenda_Windows_Forms.csproj", "{B3F24E12-111C-48BF-B82F-C4E25E0A900F}"
EndProject
Global
	GlobalSection(SolutionConfigurationPlatforms) = preSolution
		Debug|Any CPU = Debug|Any CPU
		Release|Any CPU = Release|Any CPU
	EndGlobalSection
	GlobalSection(ProjectConfigurationPlatforms) = postSolution
		{B3F24E12-111C-48BF-B82F-C4E25E0A900F}.Debug|Any CPU.ActiveCfg = Debug|Any CPU
		{B3F24E12-111C-48BF-B82F-C4E25E0A900F}.Debug|Any CPU.Build.0 = Debug|Any CPU
		{B3F24E12-111C-48BF-B82F-C4E25E0A900F}.Release|Any CPU.ActiveCfg = Release|Any CPU
		{B3F24E12-111C-48BF-B82F-C4E25E0A900F}.Release|Any CPU.Build.0 = Release|Any CPU
	EndGlobalSection
	GlobalSection(SolutionProperties) = preSolution
		HideSolutionNode = FALSE
	EndGlobalSection
	GlobalSection(ExtensibilityGlobals) = postSolution
		SolutionGuid = {1F969A9A-8BA5-4739-8DAD-CAAC66F97896}
	EndGlobalSection
EndGlobal
